// !$*UTF8*$!
{
	archiveVersion = 1;
	classes = {
	};
	objectVersion = 50;
	objects = {

/* Begin PBXBuildFile section */
		6C585DB12580859A00135853 /* TableViewController.swift in Sources */ = {isa = PBXBuildFile; fileRef = 6C585DB02580859A00135853 /* TableViewController.swift */; };
		6C62F82E25505D750004C91B /* AppDelegate.swift in Sources */ = {isa = PBXBuildFile; fileRef = 6C62F82D25505D750004C91B /* AppDelegate.swift */; };
		6C62F83025505D750004C91B /* SceneDelegate.swift in Sources */ = {isa = PBXBuildFile; fileRef = 6C62F82F25505D750004C91B /* SceneDelegate.swift */; };
		6C62F83225505D750004C91B /* ViewController.swift in Sources */ = {isa = PBXBuildFile; fileRef = 6C62F83125505D750004C91B /* ViewController.swift */; };
		6C62F83525505D750004C91B /* Main.storyboard in Resources */ = {isa = PBXBuildFile; fileRef = 6C62F83325505D750004C91B /* Main.storyboard */; };
		6C62F83725505D770004C91B /* Assets.xcassets in Resources */ = {isa = PBXBuildFile; fileRef = 6C62F83625505D770004C91B /* Assets.xcassets */; };
		6C62F83A25505D770004C91B /* LaunchScreen.storyboard in Resources */ = {isa = PBXBuildFile; fileRef = 6C62F83825505D770004C91B /* LaunchScreen.storyboard */; };
		6C62F84525505D770004C91B /* ProtoKanjiAppTests.swift in Sources */ = {isa = PBXBuildFile; fileRef = 6C62F84425505D770004C91B /* ProtoKanjiAppTests.swift */; };
		6C62F85025505D780004C91B /* ProtoKanjiAppUITests.swift in Sources */ = {isa = PBXBuildFile; fileRef = 6C62F84F25505D780004C91B /* ProtoKanjiAppUITests.swift */; };
		6C62F86125505DA10004C91B /* VocabHandler.swift in Sources */ = {isa = PBXBuildFile; fileRef = 6C62F86025505DA10004C91B /* VocabHandler.swift */; };
		6C62F86625505DB60004C91B /* VocabInfo.swift in Sources */ = {isa = PBXBuildFile; fileRef = 6C62F86525505DB60004C91B /* VocabInfo.swift */; };
		6C781CAD2578EE210045D0A7 /* VocabHandlerN2.swift in Sources */ = {isa = PBXBuildFile; fileRef = 6C781CAC2578EE210045D0A7 /* VocabHandlerN2.swift */; };
/* End PBXBuildFile section */

/* Begin PBXContainerItemProxy section */
		6C62F84125505D770004C91B /* PBXContainerItemProxy */ = {
			isa = PBXContainerItemProxy;
			containerPortal = 6C62F82225505D750004C91B /* Project object */;
			proxyType = 1;
			remoteGlobalIDString = 6C62F82925505D750004C91B;
			remoteInfo = ProtoKanjiApp;
		};
		6C62F84C25505D770004C91B /* PBXContainerItemProxy */ = {
			isa = PBXContainerItemProxy;
			containerPortal = 6C62F82225505D750004C91B /* Project object */;
			proxyType = 1;
			remoteGlobalIDString = 6C62F82925505D750004C91B;
			remoteInfo = ProtoKanjiApp;
		};
/* End PBXContainerItemProxy section */

/* Begin PBXFileReference section */
		6C585DB02580859A00135853 /* TableViewController.swift */ = {isa = PBXFileReference; lastKnownFileType = sourcecode.swift; path = TableViewController.swift; sourceTree = "<group>"; };
		6C62F82A25505D750004C91B /* ProtoKanjiApp.app */ = {isa = PBXFileReference; explicitFileType = wrapper.application; includeInIndex = 0; path = ProtoKanjiApp.app; sourceTree = BUILT_PRODUCTS_DIR; };
		6C62F82D25505D750004C91B /* AppDelegate.swift */ = {isa = PBXFileReference; lastKnownFileType = sourcecode.swift; path = AppDelegate.swift; sourceTree = "<group>"; };
		6C62F82F25505D750004C91B /* SceneDelegate.swift */ = {isa = PBXFileReference; lastKnownFileType = sourcecode.swift; path = SceneDelegate.swift; sourceTree = "<group>"; };
		6C62F83125505D750004C91B /* ViewController.swift */ = {isa = PBXFileReference; lastKnownFileType = sourcecode.swift; path = ViewController.swift; sourceTree = "<group>"; };
		6C62F83425505D750004C91B /* Base */ = {isa = PBXFileReference; lastKnownFileType = file.storyboard; name = Base; path = Base.lproj/Main.storyboard; sourceTree = "<group>"; };
		6C62F83625505D770004C91B /* Assets.xcassets */ = {isa = PBXFileReference; lastKnownFileType = folder.assetcatalog; path = Assets.xcassets; sourceTree = "<group>"; };
		6C62F83925505D770004C91B /* Base */ = {isa = PBXFileReference; lastKnownFileType = file.storyboard; name = Base; path = Base.lproj/LaunchScreen.storyboard; sourceTree = "<group>"; };
		6C62F83B25505D770004C91B /* Info.plist */ = {isa = PBXFileReference; lastKnownFileType = text.plist.xml; path = Info.plist; sourceTree = "<group>"; };
		6C62F84025505D770004C91B /* ProtoKanjiAppTests.xctest */ = {isa = PBXFileReference; explicitFileType = wrapper.cfbundle; includeInIndex = 0; path = ProtoKanjiAppTests.xctest; sourceTree = BUILT_PRODUCTS_DIR; };
		6C62F84425505D770004C91B /* ProtoKanjiAppTests.swift */ = {isa = PBXFileReference; lastKnownFileType = sourcecode.swift; path = ProtoKanjiAppTests.swift; sourceTree = "<group>"; };
		6C62F84625505D770004C91B /* Info.plist */ = {isa = PBXFileReference; lastKnownFileType = text.plist.xml; path = Info.plist; sourceTree = "<group>"; };
		6C62F84B25505D770004C91B /* ProtoKanjiAppUITests.xctest */ = {isa = PBXFileReference; explicitFileType = wrapper.cfbundle; includeInIndex = 0; path = ProtoKanjiAppUITests.xctest; sourceTree = BUILT_PRODUCTS_DIR; };
		6C62F84F25505D780004C91B /* ProtoKanjiAppUITests.swift */ = {isa = PBXFileReference; lastKnownFileType = sourcecode.swift; path = ProtoKanjiAppUITests.swift; sourceTree = "<group>"; };
		6C62F85125505D780004C91B /* Info.plist */ = {isa = PBXFileReference; lastKnownFileType = text.plist.xml; path = Info.plist; sourceTree = "<group>"; };
		6C62F86025505DA10004C91B /* VocabHandler.swift */ = {isa = PBXFileReference; lastKnownFileType = sourcecode.swift; path = VocabHandler.swift; sourceTree = "<group>"; };
		6C62F86525505DB60004C91B /* VocabInfo.swift */ = {isa = PBXFileReference; lastKnownFileType = sourcecode.swift; path = VocabInfo.swift; sourceTree = "<group>"; };
		6C781CAC2578EE210045D0A7 /* VocabHandlerN2.swift */ = {isa = PBXFileReference; lastKnownFileType = sourcecode.swift; path = VocabHandlerN2.swift; sourceTree = "<group>"; };
/* End PBXFileReference section */

/* Begin PBXFrameworksBuildPhase section */
		6C62F82725505D750004C91B /* Frameworks */ = {
			isa = PBXFrameworksBuildPhase;
			buildActionMask = 2147483647;
			files = (
			);
			runOnlyForDeploymentPostprocessing = 0;
		};
		6C62F83D25505D770004C91B /* Frameworks */ = {
			isa = PBXFrameworksBuildPhase;
			buildActionMask = 2147483647;
			files = (
			);
			runOnlyForDeploymentPostprocessing = 0;
		};
		6C62F84825505D770004C91B /* Frameworks */ = {
			isa = PBXFrameworksBuildPhase;
			buildActionMask = 2147483647;
			files = (
			);
			runOnlyForDeploymentPostprocessing = 0;
		};
/* End PBXFrameworksBuildPhase section */

/* Begin PBXGroup section */
		6C62F82125505D750004C91B = {
			isa = PBXGroup;
			children = (
				6C62F82C25505D750004C91B /* ProtoKanjiApp */,
				6C62F84325505D770004C91B /* ProtoKanjiAppTests */,
				6C62F84E25505D780004C91B /* ProtoKanjiAppUITests */,
				6C62F82B25505D750004C91B /* Products */,
			);
			sourceTree = "<group>";
		};
		6C62F82B25505D750004C91B /* Products */ = {
			isa = PBXGroup;
			children = (
				6C62F82A25505D750004C91B /* ProtoKanjiApp.app */,
				6C62F84025505D770004C91B /* ProtoKanjiAppTests.xctest */,
				6C62F84B25505D770004C91B /* ProtoKanjiAppUITests.xctest */,
			);
			name = Products;
			sourceTree = "<group>";
		};
		6C62F82C25505D750004C91B /* ProtoKanjiApp */ = {
			isa = PBXGroup;
			children = (
				6C62F82D25505D750004C91B /* AppDelegate.swift */,
				6C62F82F25505D750004C91B /* SceneDelegate.swift */,
				6C62F83125505D750004C91B /* ViewController.swift */,
				6C62F86025505DA10004C91B /* VocabHandler.swift */,
				6C585DB02580859A00135853 /* TableViewController.swift */,
				6C781CAC2578EE210045D0A7 /* VocabHandlerN2.swift */,
				6C62F86525505DB60004C91B /* VocabInfo.swift */,
				6C62F83325505D750004C91B /* Main.storyboard */,
				6C62F83625505D770004C91B /* Assets.xcassets */,
				6C62F83825505D770004C91B /* LaunchScreen.storyboard */,
				6C62F83B25505D770004C91B /* Info.plist */,
			);
			path = ProtoKanjiApp;
			sourceTree = "<group>";
		};
		6C62F84325505D770004C91B /* ProtoKanjiAppTests */ = {
			isa = PBXGroup;
			children = (
				6C62F84425505D770004C91B /* ProtoKanjiAppTests.swift */,
				6C62F84625505D770004C91B /* Info.plist */,
			);
			path = ProtoKanjiAppTests;
			sourceTree = "<group>";
		};
		6C62F84E25505D780004C91B /* ProtoKanjiAppUITests */ = {
			isa = PBXGroup;
			children = (
				6C62F84F25505D780004C91B /* ProtoKanjiAppUITests.swift */,
				6C62F85125505D780004C91B /* Info.plist */,
			);
			path = ProtoKanjiAppUITests;
			sourceTree = "<group>";
		};
/* End PBXGroup section */

/* Begin PBXNativeTarget section */
		6C62F82925505D750004C91B /* ProtoKanjiApp */ = {
			isa = PBXNativeTarget;
			buildConfigurationList = 6C62F85425505D780004C91B /* Build configuration list for PBXNativeTarget "ProtoKanjiApp" */;
			buildPhases = (
				6C62F82625505D750004C91B /* Sources */,
				6C62F82725505D750004C91B /* Frameworks */,
				6C62F82825505D750004C91B /* Resources */,
			);
			buildRules = (
			);
			dependencies = (
			);
			name = ProtoKanjiApp;
			productName = ProtoKanjiApp;
			productReference = 6C62F82A25505D750004C91B /* ProtoKanjiApp.app */;
			productType = "com.apple.product-type.application";
		};
		6C62F83F25505D770004C91B /* ProtoKanjiAppTests */ = {
			isa = PBXNativeTarget;
			buildConfigurationList = 6C62F85725505D780004C91B /* Build configuration list for PBXNativeTarget "ProtoKanjiAppTests" */;
			buildPhases = (
				6C62F83C25505D770004C91B /* Sources */,
				6C62F83D25505D770004C91B /* Frameworks */,
				6C62F83E25505D770004C91B /* Resources */,
			);
			buildRules = (
			);
			dependencies = (
				6C62F84225505D770004C91B /* PBXTargetDependency */,
			);
			name = ProtoKanjiAppTests;
			productName = ProtoKanjiAppTests;
			productReference = 6C62F84025505D770004C91B /* ProtoKanjiAppTests.xctest */;
			productType = "com.apple.product-type.bundle.unit-test";
		};
		6C62F84A25505D770004C91B /* ProtoKanjiAppUITests */ = {
			isa = PBXNativeTarget;
			buildConfigurationList = 6C62F85A25505D780004C91B /* Build configuration list for PBXNativeTarget "ProtoKanjiAppUITests" */;
			buildPhases = (
				6C62F84725505D770004C91B /* Sources */,
				6C62F84825505D770004C91B /* Frameworks */,
				6C62F84925505D770004C91B /* Resources */,
			);
			buildRules = (
			);
			dependencies = (
				6C62F84D25505D770004C91B /* PBXTargetDependency */,
			);
			name = ProtoKanjiAppUITests;
			productName = ProtoKanjiAppUITests;
			productReference = 6C62F84B25505D770004C91B /* ProtoKanjiAppUITests.xctest */;
			productType = "com.apple.product-type.bundle.ui-testing";
		};
/* End PBXNativeTarget section */

/* Begin PBXProject section */
		6C62F82225505D750004C91B /* Project object */ = {
			isa = PBXProject;
			attributes = {
				LastSwiftUpdateCheck = 1200;
				LastUpgradeCheck = 1200;
				TargetAttributes = {
					6C62F82925505D750004C91B = {
						CreatedOnToolsVersion = 12.0.1;
					};
					6C62F83F25505D770004C91B = {
						CreatedOnToolsVersion = 12.0.1;
						TestTargetID = 6C62F82925505D750004C91B;
					};
					6C62F84A25505D770004C91B = {
						CreatedOnToolsVersion = 12.0.1;
						TestTargetID = 6C62F82925505D750004C91B;
					};
				};
			};
			buildConfigurationList = 6C62F82525505D750004C91B /* Build configuration list for PBXProject "ProtoKanjiApp" */;
			compatibilityVersion = "Xcode 9.3";
			developmentRegion = en;
			hasScannedForEncodings = 0;
			knownRegions = (
				en,
				Base,
			);
			mainGroup = 6C62F82125505D750004C91B;
			productRefGroup = 6C62F82B25505D750004C91B /* Products */;
			projectDirPath = "";
			projectRoot = "";
			targets = (
				6C62F82925505D750004C91B /* ProtoKanjiApp */,
				6C62F83F25505D770004C91B /* ProtoKanjiAppTests */,
				6C62F84A25505D770004C91B /* ProtoKanjiAppUITests */,
			);
		};
/* End PBXProject section */

/* Begin PBXResourcesBuildPhase section */
		6C62F82825505D750004C91B /* Resources */ = {
			isa = PBXResourcesBuildPhase;
			buildActionMask = 2147483647;
			files = (
				6C62F83A25505D770004C91B /* LaunchScreen.storyboard in Resources */,
				6C62F83725505D770004C91B /* Assets.xcassets in Resources */,
				6C62F83525505D750004C91B /* Main.storyboard in Resources */,
			);
			runOnlyForDeploymentPostprocessing = 0;
		};
		6C62F83E25505D770004C91B /* Resources */ = {
			isa = PBXResourcesBuildPhase;
			buildActionMask = 2147483647;
			files = (
			);
			runOnlyForDeploymentPostprocessing = 0;
		};
		6C62F84925505D770004C91B /* Resources */ = {
			isa = PBXResourcesBuildPhase;
			buildActionMask = 2147483647;
			files = (
			);
			runOnlyForDeploymentPostprocessing = 0;
		};
/* End PBXResourcesBuildPhase section */

/* Begin PBXSourcesBuildPhase section */
		6C62F82625505D750004C91B /* Sources */ = {
			isa = PBXSourcesBuildPhase;
			buildActionMask = 2147483647;
			files = (
				6C781CAD2578EE210045D0A7 /* VocabHandlerN2.swift in Sources */,
				6C585DB12580859A00135853 /* TableViewController.swift in Sources */,
				6C62F83225505D750004C91B /* ViewController.swift in Sources */,
				6C62F82E25505D750004C91B /* AppDelegate.swift in Sources */,
				6C62F86125505DA10004C91B /* VocabHandler.swift in Sources */,
				6C62F83025505D750004C91B /* SceneDelegate.swift in Sources */,
				6C62F86625505DB60004C91B /* VocabInfo.swift in Sources */,
			);
			runOnlyForDeploymentPostprocessing = 0;
		};
		6C62F83C25505D770004C91B /* Sources */ = {
			isa = PBXSourcesBuildPhase;
			buildActionMask = 2147483647;
			files = (
				6C62F84525505D770004C91B /* ProtoKanjiAppTests.swift in Sources */,
			);
			runOnlyForDeploymentPostprocessing = 0;
		};
		6C62F84725505D770004C91B /* Sources */ = {
			isa = PBXSourcesBuildPhase;
			buildActionMask = 2147483647;
			files = (
				6C62F85025505D780004C91B /* ProtoKanjiAppUITests.swift in Sources */,
			);
			runOnlyForDeploymentPostprocessing = 0;
		};
/* End PBXSourcesBuildPhase section */

/* Begin PBXTargetDependency section */
		6C62F84225505D770004C91B /* PBXTargetDependency */ = {
			isa = PBXTargetDependency;
			target = 6C62F82925505D750004C91B /* ProtoKanjiApp */;
			targetProxy = 6C62F84125505D770004C91B /* PBXContainerItemProxy */;
		};
		6C62F84D25505D770004C91B /* PBXTargetDependency */ = {
			isa = PBXTargetDependency;
			target = 6C62F82925505D750004C91B /* ProtoKanjiApp */;
			targetProxy = 6C62F84C25505D770004C91B /* PBXContainerItemProxy */;
		};
/* End PBXTargetDependency section */

/* Begin PBXVariantGroup section */
		6C62F83325505D750004C91B /* Main.storyboard */ = {
			isa = PBXVariantGroup;
			children = (
				6C62F83425505D750004C91B /* Base */,
			);
			name = Main.storyboard;
			sourceTree = "<group>";
		};
		6C62F83825505D770004C91B /* LaunchScreen.storyboard */ = {
			isa = PBXVariantGroup;
			children = (
				6C62F83925505D770004C91B /* Base */,
			);
			name = LaunchScreen.storyboard;
			sourceTree = "<group>";
		};
/* End PBXVariantGroup section */

/* Begin XCBuildConfiguration section */
		6C62F85225505D780004C91B /* Debug */ = {
			isa = XCBuildConfiguration;
			buildSettings = {
				ALWAYS_SEARCH_USER_PATHS = NO;
				CLANG_ANALYZER_NONNULL = YES;
				CLANG_ANALYZER_NUMBER_OBJECT_CONVERSION = YES_AGGRESSIVE;
				CLANG_CXX_LANGUAGE_STANDARD = "gnu++14";
				CLANG_CXX_LIBRARY = "libc++";
				CLANG_ENABLE_MODULES = YES;
				CLANG_ENABLE_OBJC_ARC = YES;
				CLANG_ENABLE_OBJC_WEAK = YES;
				CLANG_WARN_BLOCK_CAPTURE_AUTORELEASING = YES;
				CLANG_WARN_BOOL_CONVERSION = YES;
				CLANG_WARN_COMMA = YES;
				CLANG_WARN_CONSTANT_CONVERSION = YES;
				CLANG_WARN_DEPRECATED_OBJC_IMPLEMENTATIONS = YES;
				CLANG_WARN_DIRECT_OBJC_ISA_USAGE = YES_ERROR;
				CLANG_WARN_DOCUMENTATION_COMMENTS = YES;
				CLANG_WARN_EMPTY_BODY = YES;
				CLANG_WARN_ENUM_CONVERSION = YES;
				CLANG_WARN_INFINITE_RECURSION = YES;
				CLANG_WARN_INT_CONVERSION = YES;
				CLANG_WARN_NON_LITERAL_NULL_CONVERSION = YES;
				CLANG_WARN_OBJC_IMPLICIT_RETAIN_SELF = YES;
				CLANG_WARN_OBJC_LITERAL_CONVERSION = YES;
				CLANG_WARN_OBJC_ROOT_CLASS = YES_ERROR;
				CLANG_WARN_QUOTED_INCLUDE_IN_FRAMEWORK_HEADER = YES;
				CLANG_WARN_RANGE_LOOP_ANALYSIS = YES;
				CLANG_WARN_STRICT_PROTOTYPES = YES;
				CLANG_WARN_SUSPICIOUS_MOVE = YES;
				CLANG_WARN_UNGUARDED_AVAILABILITY = YES_AGGRESSIVE;
				CLANG_WARN_UNREACHABLE_CODE = YES;
				CLANG_WARN__DUPLICATE_METHOD_MATCH = YES;
				COPY_PHASE_STRIP = NO;
				DEBUG_INFORMATION_FORMAT = dwarf;
				ENABLE_STRICT_OBJC_MSGSEND = YES;
				ENABLE_TESTABILITY = YES;
				GCC_C_LANGUAGE_STANDARD = gnu11;
				GCC_DYNAMIC_NO_PIC = NO;
				GCC_NO_COMMON_BLOCKS = YES;
				GCC_OPTIMIZATION_LEVEL = 0;
				GCC_PREPROCESSOR_DEFINITIONS = (
					"DEBUG=1",
					"$(inherited)",
				);
				GCC_WARN_64_TO_32_BIT_CONVERSION = YES;
				GCC_WARN_ABOUT_RETURN_TYPE = YES_ERROR;
				GCC_WARN_UNDECLARED_SELECTOR = YES;
				GCC_WARN_UNINITIALIZED_AUTOS = YES_AGGRESSIVE;
				GCC_WARN_UNUSED_FUNCTION = YES;
				GCC_WARN_UNUSED_VARIABLE = YES;
				IPHONEOS_DEPLOYMENT_TARGET = 14.0;
				MTL_ENABLE_DEBUG_INFO = INCLUDE_SOURCE;
				MTL_FAST_MATH = YES;
				ONLY_ACTIVE_ARCH = YES;
				SDKROOT = iphoneos;
				SWIFT_ACTIVE_COMPILATION_CONDITIONS = DEBUG;
				SWIFT_OPTIMIZATION_LEVEL = "-Onone";
			};
			name = Debug;
		};
		6C62F85325505D780004C91B /* Release */ = {
			isa = XCBuildConfiguration;
			buildSettings = {
				ALWAYS_SEARCH_USER_PATHS = NO;
				CLANG_ANALYZER_NONNULL = YES;
				CLANG_ANALYZER_NUMBER_OBJECT_CONVERSION = YES_AGGRESSIVE;
				CLANG_CXX_LANGUAGE_STANDARD = "gnu++14";
				CLANG_CXX_LIBRARY = "libc++";
				CLANG_ENABLE_MODULES = YES;
				CLANG_ENABLE_OBJC_ARC = YES;
				CLANG_ENABLE_OBJC_WEAK = YES;
				CLANG_WARN_BLOCK_CAPTURE_AUTORELEASING = YES;
				CLANG_WARN_BOOL_CONVERSION = YES;
				CLANG_WARN_COMMA = YES;
				CLANG_WARN_CONSTANT_CONVERSION = YES;
				CLANG_WARN_DEPRECATED_OBJC_IMPLEMENTATIONS = YES;
				CLANG_WARN_DIRECT_OBJC_ISA_USAGE = YES_ERROR;
				CLANG_WARN_DOCUMENTATION_COMMENTS = YES;
				CLANG_WARN_EMPTY_BODY = YES;
				CLANG_WARN_ENUM_CONVERSION = YES;
				CLANG_WARN_INFINITE_RECURSION = YES;
				CLANG_WARN_INT_CONVERSION = YES;
				CLANG_WARN_NON_LITERAL_NULL_CONVERSION = YES;
				CLANG_WARN_OBJC_IMPLICIT_RETAIN_SELF = YES;
				CLANG_WARN_OBJC_LITERAL_CONVERSION = YES;
				CLANG_WARN_OBJC_ROOT_CLASS = YES_ERROR;
				CLANG_WARN_QUOTED_INCLUDE_IN_FRAMEWORK_HEADER = YES;
				CLANG_WARN_RANGE_LOOP_ANALYSIS = YES;
				CLANG_WARN_STRICT_PROTOTYPES = YES;
				CLANG_WARN_SUSPICIOUS_MOVE = YES;
				CLANG_WARN_UNGUARDED_AVAILABILITY = YES_AGGRESSIVE;
				CLANG_WARN_UNREACHABLE_CODE = YES;
				CLANG_WARN__DUPLICATE_METHOD_MATCH = YES;
				COPY_PHASE_STRIP = NO;
				DEBUG_INFORMATION_FORMAT = "dwarf-with-dsym";
				ENABLE_NS_ASSERTIONS = NO;
				ENABLE_STRICT_OBJC_MSGSEND = YES;
				GCC_C_LANGUAGE_STANDARD = gnu11;
				GCC_NO_COMMON_BLOCKS = YES;
				GCC_WARN_64_TO_32_BIT_CONVERSION = YES;
				GCC_WARN_ABOUT_RETURN_TYPE = YES_ERROR;
				GCC_WARN_UNDECLARED_SELECTOR = YES;
				GCC_WARN_UNINITIALIZED_AUTOS = YES_AGGRESSIVE;
				GCC_WARN_UNUSED_FUNCTION = YES;
				GCC_WARN_UNUSED_VARIABLE = YES;
				IPHONEOS_DEPLOYMENT_TARGET = 14.0;
				MTL_ENABLE_DEBUG_INFO = NO;
				MTL_FAST_MATH = YES;
				SDKROOT = iphoneos;
				SWIFT_COMPILATION_MODE = wholemodule;
				SWIFT_OPTIMIZATION_LEVEL = "-O";
				VALIDATE_PRODUCT = YES;
			};
			name = Release;
		};
		6C62F85525505D780004C91B /* Debug */ = {
			isa = XCBuildConfiguration;
			buildSettings = {
				ASSETCATALOG_COMPILER_APPICON_NAME = AppIcon;
				ASSETCATALOG_COMPILER_GLOBAL_ACCENT_COLOR_NAME = AccentColor;
				CODE_SIGN_STYLE = Automatic;
				DEVELOPMENT_TEAM = YTVSGRSC5J;
				INFOPLIST_FILE = ProtoKanjiApp/Info.plist;
				IPHONEOS_DEPLOYMENT_TARGET = 14.0;
				LD_RUNPATH_SEARCH_PATHS = (
					"$(inherited)",
					"@executable_path/Frameworks",
				);
				PRODUCT_BUNDLE_IDENTIFIER = com.Exp.ProtoKanjiApp;
				PRODUCT_NAME = "$(TARGET_NAME)";
				SWIFT_VERSION = 5.0;
				TARGETED_DEVICE_FAMILY = 1;
			};
			name = Debug;
		};
		6C62F85625505D780004C91B /* Release */ = {
			isa = XCBuildConfiguration;
			buildSettings = {
				ASSETCATALOG_COMPILER_APPICON_NAME = AppIcon;
				ASSETCATALOG_COMPILER_GLOBAL_ACCENT_COLOR_NAME = AccentColor;
				CODE_SIGN_STYLE = Automatic;
				DEVELOPMENT_TEAM = YTVSGRSC5J;
				INFOPLIST_FILE = ProtoKanjiApp/Info.plist;
				IPHONEOS_DEPLOYMENT_TARGET = 14.0;
				LD_RUNPATH_SEARCH_PATHS = (
					"$(inherited)",
					"@executable_path/Frameworks",
				);
				PRODUCT_BUNDLE_IDENTIFIER = com.Exp.ProtoKanjiApp;
				PRODUCT_NAME = "$(TARGET_NAME)";
				SWIFT_VERSION = 5.0;
				TARGETED_DEVICE_FAMILY = 1;
			};
			name = Release;
		};
		6C62F85825505D780004C91B /* Debug */ = {
			isa = XCBuildConfiguration;
			buildSettings = {
				ALWAYS_EMBED_SWIFT_STANDARD_LIBRARIES = YES;
				BUNDLE_LOADER = "$(TEST_HOST)";
				CODE_SIGN_STYLE = Automatic;
				DEVELOPMENT_TEAM = YTVSGRSC5J;
				INFOPLIST_FILE = ProtoKanjiAppTests/Info.plist;
				IPHONEOS_DEPLOYMENT_TARGET = 14.0;
				LD_RUNPATH_SEARCH_PATHS = (
					"$(inherited)",
					"@executable_path/Frameworks",
					"@loader_path/Frameworks",
				);
				PRODUCT_BUNDLE_IDENTIFIER = com.Exp.ProtoKanjiAppTests;
				PRODUCT_NAME = "$(TARGET_NAME)";
				SWIFT_VERSION = 5.0;
				TARGETED_DEVICE_FAMILY = "1,2";
				TEST_HOST = "$(BUILT_PRODUCTS_DIR)/ProtoKanjiApp.app/ProtoKanjiApp";
			};
			name = Debug;
		};
		6C62F85925505D780004C91B /* Release */ = {
			isa = XCBuildConfiguration;
			buildSettings = {
				ALWAYS_EMBED_SWIFT_STANDARD_LIBRARIES = YES;
				BUNDLE_LOADER = "$(TEST_HOST)";
				CODE_SIGN_STYLE = Automatic;
				DEVELOPMENT_TEAM = YTVSGRSC5J;
				INFOPLIST_FILE = ProtoKanjiAppTests/Info.plist;
				IPHONEOS_DEPLOYMENT_TARGET = 14.0;
				LD_RUNPATH_SEARCH_PATHS = (
					"$(inherited)",
					"@executable_path/Frameworks",
					"@loader_path/Frameworks",
				);
				PRODUCT_BUNDLE_IDENTIFIER = com.Exp.ProtoKanjiAppTests;
				PRODUCT_NAME = "$(TARGET_NAME)";
				SWIFT_VERSION = 5.0;
				TARGETED_DEVICE_FAMILY = "1,2";
				TEST_HOST = "$(BUILT_PRODUCTS_DIR)/ProtoKanjiApp.app/ProtoKanjiApp";
			};
			name = Release;
		};
		6C62F85B25505D780004C91B /* Debug */ = {
			isa = XCBuildConfiguration;
			buildSettings = {
				ALWAYS_EMBED_SWIFT_STANDARD_LIBRARIES = YES;
				CODE_SIGN_STYLE = Automatic;
				DEVELOPMENT_TEAM = YTVSGRSC5J;
				INFOPLIST_FILE = ProtoKanjiAppUITests/Info.plist;
				LD_RUNPATH_SEARCH_PATHS = (
					"$(inherited)",
					"@executable_path/Frameworks",
					"@loader_path/Frameworks",
				);
				PRODUCT_BUNDLE_IDENTIFIER = com.Exp.ProtoKanjiAppUITests;
				PRODUCT_NAME = "$(TARGET_NAME)";
				SWIFT_VERSION = 5.0;
				TARGETED_DEVICE_FAMILY = "1,2";
				TEST_TARGET_NAME = ProtoKanjiApp;
			};
			name = Debug;
		};
		6C62F85C25505D780004C91B /* Release */ = {
			isa = XCBuildConfiguration;
			buildSettings = {
				ALWAYS_EMBED_SWIFT_STANDARD_LIBRARIES = YES;
				CODE_SIGN_STYLE = Automatic;
				DEVELOPMENT_TEAM = YTVSGRSC5J;
				INFOPLIST_FILE = ProtoKanjiAppUITests/Info.plist;
				LD_RUNPATH_SEARCH_PATHS = (
					"$(inherited)",
					"@executable_path/Frameworks",
					"@loader_path/Frameworks",
				);
				PRODUCT_BUNDLE_IDENTIFIER = com.Exp.ProtoKanjiAppUITests;
				PRODUCT_NAME = "$(TARGET_NAME)";
				SWIFT_VERSION = 5.0;
				TARGETED_DEVICE_FAMILY = "1,2";
				TEST_TARGET_NAME = ProtoKanjiApp;
			};
			name = Release;
		};
/* End XCBuildConfiguration section */

/* Begin XCConfigurationList section */
		6C62F82525505D750004C91B /* Build configuration list for PBXProject "ProtoKanjiApp" */ = {
			isa = XCConfigurationList;
			buildConfigurations = (
				6C62F85225505D780004C91B /* Debug */,
				6C62F85325505D780004C91B /* Release */,
			);
			defaultConfigurationIsVisible = 0;
			defaultConfigurationName = Release;
		};
		6C62F85425505D780004C91B /* Build configuration list for PBXNativeTarget "ProtoKanjiApp" */ = {
			isa = XCConfigurationList;
			buildConfigurations = (
				6C62F85525505D780004C91B /* Debug */,
				6C62F85625505D780004C91B /* Release */,
			);
			defaultConfigurationIsVisible = 0;
			defaultConfigurationName = Release;
		};
		6C62F85725505D780004C91B /* Build configuration list for PBXNativeTarget "ProtoKanjiAppTests" */ = {
			isa = XCConfigurationList;
			buildConfigurations = (
				6C62F85825505D780004C91B /* Debug */,
				6C62F85925505D780004C91B /* Release */,
			);
			defaultConfigurationIsVisible = 0;
			defaultConfigurationName = Release;
		};
		6C62F85A25505D780004C91B /* Build configuration list for PBXNativeTarget "ProtoKanjiAppUITests" */ = {
			isa = XCConfigurationList;
			buildConfigurations = (
				6C62F85B25505D780004C91B /* Debug */,
				6C62F85C25505D780004C91B /* Release */,
			);
			defaultConfigurationIsVisible = 0;
			defaultConfigurationName = Release;
		};
/* End XCConfigurationList section */
	};
	rootObject = 6C62F82225505D750004C91B /* Project object */;
}
